
Microsoft Visual Studio Solution File, Format Version 12.00
# Visual Studio Version 17
VisualStudioVersion = 17.10.35004.147
MinimumVisualStudioVersion = 10.0.40219.1
Project("{FAE04EC0-301F-11D3-BF4B-00C04F79EFBC}") = "WeatherApp", "WeatherApp\WeatherApp\WeatherApp.csproj", "{8F337A53-90BA-41AB-8D04-DD61A351B8F6}"
EndProject
Project("{FAE04EC0-301F-11D3-BF4B-00C04F79EFBC}") = "WeatherApp.Client", "WeatherApp\WeatherApp.Client\WeatherApp.Client.csproj", "{D231CEA7-ED8D-46E1-A20A-1D32A4181224}"
EndProject
Global
	GlobalSection(SolutionConfigurationPlatforms) = preSolution
		Debug|Any CPU = Debug|Any CPU
		Release|Any CPU = Release|Any CPU
	EndGlobalSection
	GlobalSection(ProjectConfigurationPlatforms) = postSolution
		{8F337A53-90BA-41AB-8D04-DD61A351B8F6}.Debug|Any CPU.ActiveCfg = Debug|Any CPU
		{8F337A53-90BA-41AB-8D04-DD61A351B8F6}.Debug|Any CPU.Build.0 = Debug|Any CPU
		{8F337A53-90BA-41AB-8D04-DD61A351B8F6}.Release|Any CPU.ActiveCfg = Release|Any CPU
		{8F337A53-90BA-41AB-8D04-DD61A351B8F6}.Release|Any CPU.Build.0 = Release|Any CPU
		{D231CEA7-ED8D-46E1-A20A-1D32A4181224}.Debug|Any CPU.ActiveCfg = Debug|Any CPU
		{D231CEA7-ED8D-46E1-A20A-1D32A4181224}.Debug|Any CPU.Build.0 = Debug|Any CPU
		{D231CEA7-ED8D-46E1-A20A-1D32A4181224}.Release|Any CPU.ActiveCfg = Release|Any CPU
		{D231CEA7-ED8D-46E1-A20A-1D32A4181224}.Release|Any CPU.Build.0 = Release|Any CPU
	EndGlobalSection
	GlobalSection(SolutionProperties) = preSolution
		HideSolutionNode = FALSE
	EndGlobalSection
	GlobalSection(ExtensibilityGlobals) = postSolution
		SolutionGuid = {9166AC18-A987-489E-9C18-90A966149B10}
	EndGlobalSection
EndGlobal
